
Microsoft Visual Studio Solution File, Format Version 12.00
# Visual Studio Version 17
VisualStudioVersion = 17.4.33403.182
MinimumVisualStudioVersion = 10.0.40219.1
Project("{FAE04EC0-301F-11D3-BF4B-00C04F79EFBC}") = "FileForge.Cli", "FileForge.Cli\FileForge.Cli.csproj", "{5C813B09-E8B3-47F0-85B5-A8C6C75BE739}"
EndProject
Project("{FAE04EC0-301F-11D3-BF4B-00C04F79EFBC}") = "FileForge", "FileForge\FileForge.csproj", "{40BFFD07-1285-47EB-A9EB-F76364E08455}"
EndProject
Global
	GlobalSection(SolutionConfigurationPlatforms) = preSolution
		Debug|Any CPU = Debug|Any CPU
		Release|Any CPU = Release|Any CPU
	EndGlobalSection
	GlobalSection(ProjectConfigurationPlatforms) = postSolution
		{5C813B09-E8B3-47F0-85B5-A8C6C75BE739}.Debug|Any CPU.ActiveCfg = Debug|Any CPU
		{5C813B09-E8B3-47F0-85B5-A8C6C75BE739}.Debug|Any CPU.Build.0 = Debug|Any CPU
		{5C813B09-E8B3-47F0-85B5-A8C6C75BE739}.Release|Any CPU.ActiveCfg = Release|Any CPU
		{5C813B09-E8B3-47F0-85B5-A8C6C75BE739}.Release|Any CPU.Build.0 = Release|Any CPU
		{40BFFD07-1285-47EB-A9EB-F76364E08455}.Debug|Any CPU.ActiveCfg = Debug|Any CPU
		{40BFFD07-1285-47EB-A9EB-F76364E08455}.Debug|Any CPU.Build.0 = Debug|Any CPU
		{40BFFD07-1285-47EB-A9EB-F76364E08455}.Release|Any CPU.ActiveCfg = Release|Any CPU
		{40BFFD07-1285-47EB-A9EB-F76364E08455}.Release|Any CPU.Build.0 = Release|Any CPU
	EndGlobalSection
	GlobalSection(SolutionProperties) = preSolution
		HideSolutionNode = FALSE
	EndGlobalSection
	GlobalSection(ExtensibilityGlobals) = postSolution
		SolutionGuid = {691F5EF5-2D46-4840-9BE8-962EDF481E93}
	EndGlobalSection
EndGlobal
